
Microsoft Visual Studio Solution File, Format Version 12.00
# Visual Studio Version 16
VisualStudioVersion = 16.0.31613.86
MinimumVisualStudioVersion = 10.0.40219.1
Project("{FAE04EC0-301F-11D3-BF4B-00C04F79EFBC}") = "NormalDensityTable21", "NormalDensityTable21\NormalDensityTable21.csproj", "{B571632D-2859-4F57-BC16-724A26E838E7}"
EndProject
Global
	GlobalSection(SolutionConfigurationPlatforms) = preSolution
		Debug|Any CPU = Debug|Any CPU
		Release|Any CPU = Release|Any CPU
	EndGlobalSection
	GlobalSection(ProjectConfigurationPlatforms) = postSolution
		{B571632D-2859-4F57-BC16-724A26E838E7}.Debug|Any CPU.ActiveCfg = Debug|Any CPU
		{B571632D-2859-4F57-BC16-724A26E838E7}.Debug|Any CPU.Build.0 = Debug|Any CPU
		{B571632D-2859-4F57-BC16-724A26E838E7}.Release|Any CPU.ActiveCfg = Release|Any CPU
		{B571632D-2859-4F57-BC16-724A26E838E7}.Release|Any CPU.Build.0 = Release|Any CPU
	EndGlobalSection
	GlobalSection(SolutionProperties) = preSolution
		HideSolutionNode = FALSE
	EndGlobalSection
	GlobalSection(ExtensibilityGlobals) = postSolution
		SolutionGuid = {D69ECFB3-DBF4-4D4B-A56C-99F82BE42A9D}
	EndGlobalSection
EndGlobal
